
Microsoft Visual Studio Solution File, Format Version 12.00
# Visual Studio Version 17
VisualStudioVersion = 17.13.35828.75
MinimumVisualStudioVersion = 10.0.40219.1
Project("{9A19103F-16F7-4668-BE54-9A1E7A4F7556}") = "LESApplication", "..\umg\LESApplication-master\LESApplication\LESApplication.csproj", "{F340A7A5-2E51-4A58-A674-54F127D00557}"
EndProject
Global
	GlobalSection(SolutionConfigurationPlatforms) = preSolution
		Debug|Any CPU = Debug|Any CPU
		Release|Any CPU = Release|Any CPU
	EndGlobalSection
	GlobalSection(ProjectConfigurationPlatforms) = postSolution
		{F340A7A5-2E51-4A58-A674-54F127D00557}.Debug|Any CPU.ActiveCfg = Debug|Any CPU
		{F340A7A5-2E51-4A58-A674-54F127D00557}.Debug|Any CPU.Build.0 = Debug|Any CPU
		{F340A7A5-2E51-4A58-A674-54F127D00557}.Release|Any CPU.ActiveCfg = Release|Any CPU
		{F340A7A5-2E51-4A58-A674-54F127D00557}.Release|Any CPU.Build.0 = Release|Any CPU
	EndGlobalSection
	GlobalSection(SolutionProperties) = preSolution
		HideSolutionNode = FALSE
	EndGlobalSection
	GlobalSection(ExtensibilityGlobals) = postSolution
		SolutionGuid = {55387892-A695-4C87-A570-1E2327FCDBC1}
	EndGlobalSection
EndGlobal
