
Microsoft Visual Studio Solution File, Format Version 12.00
# Visual Studio Version 17
VisualStudioVersion = 17.11.35327.3
MinimumVisualStudioVersion = 10.0.40219.1
Project("{FAE04EC0-301F-11D3-BF4B-00C04F79EFBC}") = "BlazorApp1", "..\..\source\repos\BlazorApp1\BlazorApp1.csproj", "{6F806818-E276-42A2-8659-68C56FB47A61}"
EndProject
Global
	GlobalSection(SolutionConfigurationPlatforms) = preSolution
		Debug|Any CPU = Debug|Any CPU
		Release|Any CPU = Release|Any CPU
	EndGlobalSection
	GlobalSection(ProjectConfigurationPlatforms) = postSolution
		{6F806818-E276-42A2-8659-68C56FB47A61}.Debug|Any CPU.ActiveCfg = Debug|Any CPU
		{6F806818-E276-42A2-8659-68C56FB47A61}.Debug|Any CPU.Build.0 = Debug|Any CPU
		{6F806818-E276-42A2-8659-68C56FB47A61}.Release|Any CPU.ActiveCfg = Release|Any CPU
		{6F806818-E276-42A2-8659-68C56FB47A61}.Release|Any CPU.Build.0 = Release|Any CPU
	EndGlobalSection
	GlobalSection(SolutionProperties) = preSolution
		HideSolutionNode = FALSE
	EndGlobalSection
	GlobalSection(ExtensibilityGlobals) = postSolution
		SolutionGuid = {6DEA00FC-4FC4-4A9D-881E-54EC339BD949}
	EndGlobalSection
EndGlobal
